
Microsoft Visual Studio Solution File, Format Version 12.00
# Visual Studio Version 16
VisualStudioVersion = 16.0.30804.86
MinimumVisualStudioVersion = 10.0.40219.1
Project("{FAE04EC0-301F-11D3-BF4B-00C04F79EFBC}") = "MyDictionaryProgram", "MyDictionaryProgram\MyDictionaryProgram.csproj", "{C49C3E37-A9C2-44C6-9601-4A7F6C0D970A}"
EndProject
Global
	GlobalSection(SolutionConfigurationPlatforms) = preSolution
		Debug|Any CPU = Debug|Any CPU
		Release|Any CPU = Release|Any CPU
	EndGlobalSection
	GlobalSection(ProjectConfigurationPlatforms) = postSolution
		{C49C3E37-A9C2-44C6-9601-4A7F6C0D970A}.Debug|Any CPU.ActiveCfg = Debug|Any CPU
		{C49C3E37-A9C2-44C6-9601-4A7F6C0D970A}.Debug|Any CPU.Build.0 = Debug|Any CPU
		{C49C3E37-A9C2-44C6-9601-4A7F6C0D970A}.Release|Any CPU.ActiveCfg = Release|Any CPU
		{C49C3E37-A9C2-44C6-9601-4A7F6C0D970A}.Release|Any CPU.Build.0 = Release|Any CPU
	EndGlobalSection
	GlobalSection(SolutionProperties) = preSolution
		HideSolutionNode = FALSE
	EndGlobalSection
	GlobalSection(ExtensibilityGlobals) = postSolution
		SolutionGuid = {0FE91DE9-8E4F-457D-A0D9-E446A984EAEF}
	EndGlobalSection
EndGlobal
